
Microsoft Visual Studio Solution File, Format Version 12.00
# Visual Studio Version 17
VisualStudioVersion = 17.14.36511.14 d17.14
MinimumVisualStudioVersion = 10.0.40219.1
Project("{FAE04EC0-301F-11D3-BF4B-00C04F79EFBC}") = "EXAM 02", "EXAM 02\EXAM 02.csproj", "{A5AAF278-9704-4B6D-843E-708E37E8E9EC}"
EndProject
Global
	GlobalSection(SolutionConfigurationPlatforms) = preSolution
		Debug|Any CPU = Debug|Any CPU
		Release|Any CPU = Release|Any CPU
	EndGlobalSection
	GlobalSection(ProjectConfigurationPlatforms) = postSolution
		{A5AAF278-9704-4B6D-843E-708E37E8E9EC}.Debug|Any CPU.ActiveCfg = Debug|Any CPU
		{A5AAF278-9704-4B6D-843E-708E37E8E9EC}.Debug|Any CPU.Build.0 = Debug|Any CPU
		{A5AAF278-9704-4B6D-843E-708E37E8E9EC}.Release|Any CPU.ActiveCfg = Release|Any CPU
		{A5AAF278-9704-4B6D-843E-708E37E8E9EC}.Release|Any CPU.Build.0 = Release|Any CPU
	EndGlobalSection
	GlobalSection(SolutionProperties) = preSolution
		HideSolutionNode = FALSE
	EndGlobalSection
	GlobalSection(ExtensibilityGlobals) = postSolution
		SolutionGuid = {C7F79763-F369-4334-95D5-F3C254809E47}
	EndGlobalSection
EndGlobal
